{
  "name": "job-hunt-navigator",
  "version": "1.0.0",
  "lockfileVersion": 3,
  "requires": true,
  "packages": {
    "": {
      "name": "job-hunt-navigator",
      "version": "1.0.0",
      "license": "ISC",
      "workspaces": [
        "packages/extension",
        "packages/dashboard"
      ]
    },
    "node_modules/dashboard": {
      "resolved": "packages/dashboard",
      "link": true
    },
    "node_modules/extension": {
      "resolved": "packages/extension",
      "link": true
    },
    "packages/dashboard": {
      "version": "1.0.0",
      "license": "ISC"
    },
    "packages/extension": {
      "version": "1.0.0",
      "license": "ISC"
    }
  }
}
